
Microsoft Visual Studio Solution File, Format Version 12.00
# Visual Studio Version 17
VisualStudioVersion = 17.6.33723.286
MinimumVisualStudioVersion = 10.0.40219.1
Project("{FAE04EC0-301F-11D3-BF4B-00C04F79EFBC}") = "Class of My Choice Sinan Al-Zahabe", "Class of My Choice Sinan Al-Zahabe.csproj", "{2BBDF9CE-615D-4EE5-A3CF-7FA761A55737}"
EndProject
Global
	GlobalSection(SolutionConfigurationPlatforms) = preSolution
		Debug|Any CPU = Debug|Any CPU
		Release|Any CPU = Release|Any CPU
	EndGlobalSection
	GlobalSection(ProjectConfigurationPlatforms) = postSolution
		{2BBDF9CE-615D-4EE5-A3CF-7FA761A55737}.Debug|Any CPU.ActiveCfg = Debug|Any CPU
		{2BBDF9CE-615D-4EE5-A3CF-7FA761A55737}.Debug|Any CPU.Build.0 = Debug|Any CPU
		{2BBDF9CE-615D-4EE5-A3CF-7FA761A55737}.Release|Any CPU.ActiveCfg = Release|Any CPU
		{2BBDF9CE-615D-4EE5-A3CF-7FA761A55737}.Release|Any CPU.Build.0 = Release|Any CPU
	EndGlobalSection
	GlobalSection(SolutionProperties) = preSolution
		HideSolutionNode = FALSE
	EndGlobalSection
	GlobalSection(ExtensibilityGlobals) = postSolution
		SolutionGuid = {FC1227BB-B40B-4315-AC2F-6FA5CA42B309}
	EndGlobalSection
EndGlobal
